
Microsoft Visual Studio Solution File, Format Version 12.00
# Visual Studio Version 17
VisualStudioVersion = 17.3.32922.545
MinimumVisualStudioVersion = 10.0.40219.1
Project("{FAE04EC0-301F-11D3-BF4B-00C04F79EFBC}") = "NotKayıtSistemi", "NotKayıtSistemi.csproj", "{8C28C89C-77C1-46AA-965D-C74CD58C9731}"
EndProject
Global
	GlobalSection(SolutionConfigurationPlatforms) = preSolution
		Debug|Any CPU = Debug|Any CPU
		Release|Any CPU = Release|Any CPU
	EndGlobalSection
	GlobalSection(ProjectConfigurationPlatforms) = postSolution
		{8C28C89C-77C1-46AA-965D-C74CD58C9731}.Debug|Any CPU.ActiveCfg = Debug|Any CPU
		{8C28C89C-77C1-46AA-965D-C74CD58C9731}.Debug|Any CPU.Build.0 = Debug|Any CPU
		{8C28C89C-77C1-46AA-965D-C74CD58C9731}.Release|Any CPU.ActiveCfg = Release|Any CPU
		{8C28C89C-77C1-46AA-965D-C74CD58C9731}.Release|Any CPU.Build.0 = Release|Any CPU
	EndGlobalSection
	GlobalSection(SolutionProperties) = preSolution
		HideSolutionNode = FALSE
	EndGlobalSection
	GlobalSection(ExtensibilityGlobals) = postSolution
		SolutionGuid = {BA45D362-7A81-47BA-B932-0F9FC6369C6A}
	EndGlobalSection
EndGlobal
